// !$*UTF8*$!
{
	archiveVersion = 1;
	classes = {
	};
	objectVersion = 46;
	objects = {

/* Begin PBXBuildFile section */
		9E42B2CF1A604D66006A74B8 /* MKAnnotationView+WebCache.m in Sources */ = {isa = PBXBuildFile; fileRef = 9E42B2AF1A604D66006A74B8 /* MKAnnotationView+WebCache.m */; };
		9E42B2D01A604D66006A74B8 /* NSData+ImageContentType.m in Sources */ = {isa = PBXBuildFile; fileRef = 9E42B2B11A604D66006A74B8 /* NSData+ImageContentType.m */; };
		9E42B2D11A604D66006A74B8 /* SDImageCache.m in Sources */ = {isa = PBXBuildFile; fileRef = 9E42B2B31A604D66006A74B8 /* SDImageCache.m */; };
		9E42B2D21A604D66006A74B8 /* SDWebImageCompat.m in Sources */ = {isa = PBXBuildFile; fileRef = 9E42B2B51A604D66006A74B8 /* SDWebImageCompat.m */; };
		9E42B2D31A604D66006A74B8 /* SDWebImageDecoder.m in Sources */ = {isa = PBXBuildFile; fileRef = 9E42B2B71A604D66006A74B8 /* SDWebImageDecoder.m */; };
		9E42B2D41A604D66006A74B8 /* SDWebImageDownloader.m in Sources */ = {isa = PBXBuildFile; fileRef = 9E42B2B91A604D66006A74B8 /* SDWebImageDownloader.m */; };
		9E42B2D51A604D66006A74B8 /* SDWebImageDownloaderOperation.m in Sources */ = {isa = PBXBuildFile; fileRef = 9E42B2BB1A604D66006A74B8 /* SDWebImageDownloaderOperation.m */; };
		9E42B2D61A604D66006A74B8 /* SDWebImageManager.m in Sources */ = {isa = PBXBuildFile; fileRef = 9E42B2BD1A604D66006A74B8 /* SDWebImageManager.m */; };
		9E42B2D71A604D66006A74B8 /* SDWebImagePrefetcher.m in Sources */ = {isa = PBXBuildFile; fileRef = 9E42B2C01A604D66006A74B8 /* SDWebImagePrefetcher.m */; };
		9E42B2D81A604D66006A74B8 /* UIButton+WebCache.m in Sources */ = {isa = PBXBuildFile; fileRef = 9E42B2C21A604D66006A74B8 /* UIButton+WebCache.m */; };
		9E42B2D91A604D66006A74B8 /* UIImage+GIF.m in Sources */ = {isa = PBXBuildFile; fileRef = 9E42B2C41A604D66006A74B8 /* UIImage+GIF.m */; };
		9E42B2DA1A604D66006A74B8 /* UIImage+MultiFormat.m in Sources */ = {isa = PBXBuildFile; fileRef = 9E42B2C61A604D66006A74B8 /* UIImage+MultiFormat.m */; };
		9E42B2DB1A604D66006A74B8 /* UIImage+WebP.m in Sources */ = {isa = PBXBuildFile; fileRef = 9E42B2C81A604D66006A74B8 /* UIImage+WebP.m */; };
		9E42B2DC1A604D66006A74B8 /* UIImageView+HighlightedWebCache.m in Sources */ = {isa = PBXBuildFile; fileRef = 9E42B2CA1A604D66006A74B8 /* UIImageView+HighlightedWebCache.m */; };
		9E42B2DD1A604D66006A74B8 /* UIImageView+WebCache.m in Sources */ = {isa = PBXBuildFile; fileRef = 9E42B2CC1A604D66006A74B8 /* UIImageView+WebCache.m */; };
		9E42B2DE1A604D66006A74B8 /* UIView+WebCacheOperation.m in Sources */ = {isa = PBXBuildFile; fileRef = 9E42B2CE1A604D66006A74B8 /* UIView+WebCacheOperation.m */; };
		9E42B2E11A60543D006A74B8 /* CoreImage.framework in Frameworks */ = {isa = PBXBuildFile; fileRef = 9E42B2DF1A60543D006A74B8 /* CoreImage.framework */; };
		9E42B2E21A60543D006A74B8 /* ImageIO.framework in Frameworks */ = {isa = PBXBuildFile; fileRef = 9E42B2E01A60543D006A74B8 /* ImageIO.framework */; };
		9E42B2E41A605489006A74B8 /* MapKit.framework in Frameworks */ = {isa = PBXBuildFile; fileRef = 9E42B2E31A605489006A74B8 /* MapKit.framework */; };
		9EB981CD1A82780100EAB283 /* index.jpg in Resources */ = {isa = PBXBuildFile; fileRef = 9EB981CC1A82780100EAB283 /* index.jpg */; };
		9EB981D31A82781900EAB283 /* index1.jpg in Resources */ = {isa = PBXBuildFile; fileRef = 9EB981CE1A82781900EAB283 /* index1.jpg */; };
		9EB981D41A82781900EAB283 /* index2.jpg in Resources */ = {isa = PBXBuildFile; fileRef = 9EB981CF1A82781900EAB283 /* index2.jpg */; };
		9EB981D51A82781900EAB283 /* index3.jpg in Resources */ = {isa = PBXBuildFile; fileRef = 9EB981D01A82781900EAB283 /* index3.jpg */; };
		9EB981D61A82781900EAB283 /* index4.jpg in Resources */ = {isa = PBXBuildFile; fileRef = 9EB981D11A82781900EAB283 /* index4.jpg */; };
		9EB981D71A82781900EAB283 /* index5.jpg in Resources */ = {isa = PBXBuildFile; fileRef = 9EB981D21A82781900EAB283 /* index5.jpg */; };
		9EB981DC1A827DB800EAB283 /* CustomCommentCell.m in Sources */ = {isa = PBXBuildFile; fileRef = 9EB981DA1A827DB800EAB283 /* CustomCommentCell.m */; };
		9EB981DD1A827DB800EAB283 /* CustomCommentCell.xib in Resources */ = {isa = PBXBuildFile; fileRef = 9EB981DB1A827DB800EAB283 /* CustomCommentCell.xib */; };
		DDB9C14517E81BB600AC0901 /* UIKit.framework in Frameworks */ = {isa = PBXBuildFile; fileRef = DDB9C14417E81BB600AC0901 /* UIKit.framework */; };
		DDB9C14717E81BB600AC0901 /* Foundation.framework in Frameworks */ = {isa = PBXBuildFile; fileRef = DDB9C14617E81BB600AC0901 /* Foundation.framework */; };
		DDB9C14917E81BB600AC0901 /* CoreGraphics.framework in Frameworks */ = {isa = PBXBuildFile; fileRef = DDB9C14817E81BB600AC0901 /* CoreGraphics.framework */; };
		DDB9C14F17E81BB600AC0901 /* InfoPlist.strings in Resources */ = {isa = PBXBuildFile; fileRef = DDB9C14D17E81BB600AC0901 /* InfoPlist.strings */; };
		DDB9C15117E81BB600AC0901 /* main.m in Sources */ = {isa = PBXBuildFile; fileRef = DDB9C15017E81BB600AC0901 /* main.m */; };
		DDB9C15517E81BB600AC0901 /* AppDelegate.m in Sources */ = {isa = PBXBuildFile; fileRef = DDB9C15417E81BB600AC0901 /* AppDelegate.m */; };
		DDB9C15717E81BB600AC0901 /* Default.png in Resources */ = {isa = PBXBuildFile; fileRef = DDB9C15617E81BB600AC0901 /* Default.png */; };
		DDB9C15917E81BB600AC0901 /* Default@2x.png in Resources */ = {isa = PBXBuildFile; fileRef = DDB9C15817E81BB600AC0901 /* Default@2x.png */; };
		DDB9C15B17E81BB600AC0901 /* Default-568h@2x.png in Resources */ = {isa = PBXBuildFile; fileRef = DDB9C15A17E81BB600AC0901 /* Default-568h@2x.png */; };
		DDB9C15E17E81BB600AC0901 /* MainStoryboard.storyboard in Resources */ = {isa = PBXBuildFile; fileRef = DDB9C15C17E81BB600AC0901 /* MainStoryboard.storyboard */; };
		DDB9C16117E81BB600AC0901 /* ViewController.m in Sources */ = {isa = PBXBuildFile; fileRef = DDB9C16017E81BB600AC0901 /* ViewController.m */; };
		DDB9C16A17E81D6D00AC0901 /* ItemCell.m in Sources */ = {isa = PBXBuildFile; fileRef = DDB9C16917E81D6D00AC0901 /* ItemCell.m */; };
		DDB9C16C17E81D8800AC0901 /* ItemCell.xib in Resources */ = {isa = PBXBuildFile; fileRef = DDB9C16B17E81D8800AC0901 /* ItemCell.xib */; };
		DDB9C16E17E8225200AC0901 /* SystemConfiguration.framework in Frameworks */ = {isa = PBXBuildFile; fileRef = DDB9C16D17E8225200AC0901 /* SystemConfiguration.framework */; };
		DDB9C17017E8225C00AC0901 /* QuartzCore.framework in Frameworks */ = {isa = PBXBuildFile; fileRef = DDB9C16F17E8225C00AC0901 /* QuartzCore.framework */; };
		DDB9C17317E826CD00AC0901 /* DetailViewController.m in Sources */ = {isa = PBXBuildFile; fileRef = DDB9C17217E826CD00AC0901 /* DetailViewController.m */; };
/* End PBXBuildFile section */

/* Begin PBXFileReference section */
		9E42B2AE1A604D66006A74B8 /* MKAnnotationView+WebCache.h */ = {isa = PBXFileReference; fileEncoding = 4; lastKnownFileType = sourcecode.c.h; path = "MKAnnotationView+WebCache.h"; sourceTree = "<group>"; };
		9E42B2AF1A604D66006A74B8 /* MKAnnotationView+WebCache.m */ = {isa = PBXFileReference; fileEncoding = 4; lastKnownFileType = sourcecode.c.objc; path = "MKAnnotationView+WebCache.m"; sourceTree = "<group>"; };
		9E42B2B01A604D66006A74B8 /* NSData+ImageContentType.h */ = {isa = PBXFileReference; fileEncoding = 4; lastKnownFileType = sourcecode.c.h; path = "NSData+ImageContentType.h"; sourceTree = "<group>"; };
		9E42B2B11A604D66006A74B8 /* NSData+ImageContentType.m */ = {isa = PBXFileReference; fileEncoding = 4; lastKnownFileType = sourcecode.c.objc; path = "NSData+ImageContentType.m"; sourceTree = "<group>"; };
		9E42B2B21A604D66006A74B8 /* SDImageCache.h */ = {isa = PBXFileReference; fileEncoding = 4; lastKnownFileType = sourcecode.c.h; path = SDImageCache.h; sourceTree = "<group>"; };
		9E42B2B31A604D66006A74B8 /* SDImageCache.m */ = {isa = PBXFileReference; fileEncoding = 4; lastKnownFileType = sourcecode.c.objc; path = SDImageCache.m; sourceTree = "<group>"; };
		9E42B2B41A604D66006A74B8 /* SDWebImageCompat.h */ = {isa = PBXFileReference; fileEncoding = 4; lastKnownFileType = sourcecode.c.h; path = SDWebImageCompat.h; sourceTree = "<group>"; };
		9E42B2B51A604D66006A74B8 /* SDWebImageCompat.m */ = {isa = PBXFileReference; fileEncoding = 4; lastKnownFileType = sourcecode.c.objc; path = SDWebImageCompat.m; sourceTree = "<group>"; };
		9E42B2B61A604D66006A74B8 /* SDWebImageDecoder.h */ = {isa = PBXFileReference; fileEncoding = 4; lastKnownFileType = sourcecode.c.h; path = SDWebImageDecoder.h; sourceTree = "<group>"; };
		9E42B2B71A604D66006A74B8 /* SDWebImageDecoder.m */ = {isa = PBXFileReference; fileEncoding = 4; lastKnownFileType = sourcecode.c.objc; path = SDWebImageDecoder.m; sourceTree = "<group>"; };
		9E42B2B81A604D66006A74B8 /* SDWebImageDownloader.h */ = {isa = PBXFileReference; fileEncoding = 4; lastKnownFileType = sourcecode.c.h; path = SDWebImageDownloader.h; sourceTree = "<group>"; };
		9E42B2B91A604D66006A74B8 /* SDWebImageDownloader.m */ = {isa = PBXFileReference; fileEncoding = 4; lastKnownFileType = sourcecode.c.objc; path = SDWebImageDownloader.m; sourceTree = "<group>"; };
		9E42B2BA1A604D66006A74B8 /* SDWebImageDownloaderOperation.h */ = {isa = PBXFileReference; fileEncoding = 4; lastKnownFileType = sourcecode.c.h; path = SDWebImageDownloaderOperation.h; sourceTree = "<group>"; };
		9E42B2BB1A604D66006A74B8 /* SDWebImageDownloaderOperation.m */ = {isa = PBXFileReference; fileEncoding = 4; lastKnownFileType = sourcecode.c.objc; path = SDWebImageDownloaderOperation.m; sourceTree = "<group>"; };
		9E42B2BC1A604D66006A74B8 /* SDWebImageManager.h */ = {isa = PBXFileReference; fileEncoding = 4; lastKnownFileType = sourcecode.c.h; path = SDWebImageManager.h; sourceTree = "<group>"; };
		9E42B2BD1A604D66006A74B8 /* SDWebImageManager.m */ = {isa = PBXFileReference; fileEncoding = 4; lastKnownFileType = sourcecode.c.objc; path = SDWebImageManager.m; sourceTree = "<group>"; };
		9E42B2BE1A604D66006A74B8 /* SDWebImageOperation.h */ = {isa = PBXFileReference; fileEncoding = 4; lastKnownFileType = sourcecode.c.h; path = SDWebImageOperation.h; sourceTree = "<group>"; };
		9E42B2BF1A604D66006A74B8 /* SDWebImagePrefetcher.h */ = {isa = PBXFileReference; fileEncoding = 4; lastKnownFileType = sourcecode.c.h; path = SDWebImagePrefetcher.h; sourceTree = "<group>"; };
		9E42B2C01A604D66006A74B8 /* SDWebImagePrefetcher.m */ = {isa = PBXFileReference; fileEncoding = 4; lastKnownFileType = sourcecode.c.objc; path = SDWebImagePrefetcher.m; sourceTree = "<group>"; };
		9E42B2C11A604D66006A74B8 /* UIButton+WebCache.h */ = {isa = PBXFileReference; fileEncoding = 4; lastKnownFileType = sourcecode.c.h; path = "UIButton+WebCache.h"; sourceTree = "<group>"; };
		9E42B2C21A604D66006A74B8 /* UIButton+WebCache.m */ = {isa = PBXFileReference; fileEncoding = 4; lastKnownFileType = sourcecode.c.objc; path = "UIButton+WebCache.m"; sourceTree = "<group>"; };
		9E42B2C31A604D66006A74B8 /* UIImage+GIF.h */ = {isa = PBXFileReference; fileEncoding = 4; lastKnownFileType = sourcecode.c.h; path = "UIImage+GIF.h"; sourceTree = "<group>"; };
		9E42B2C41A604D66006A74B8 /* UIImage+GIF.m */ = {isa = PBXFileReference; fileEncoding = 4; lastKnownFileType = sourcecode.c.objc; path = "UIImage+GIF.m"; sourceTree = "<group>"; };
		9E42B2C51A604D66006A74B8 /* UIImage+MultiFormat.h */ = {isa = PBXFileReference; fileEncoding = 4; lastKnownFileType = sourcecode.c.h; path = "UIImage+MultiFormat.h"; sourceTree = "<group>"; };
		9E42B2C61A604D66006A74B8 /* UIImage+MultiFormat.m */ = {isa = PBXFileReference; fileEncoding = 4; lastKnownFileType = sourcecode.c.objc; path = "UIImage+MultiFormat.m"; sourceTree = "<group>"; };
		9E42B2C71A604D66006A74B8 /* UIImage+WebP.h */ = {isa = PBXFileReference; fileEncoding = 4; lastKnownFileType = sourcecode.c.h; path = "UIImage+WebP.h"; sourceTree = "<group>"; };
		9E42B2C81A604D66006A74B8 /* UIImage+WebP.m */ = {isa = PBXFileReference; fileEncoding = 4; lastKnownFileType = sourcecode.c.objc; path = "UIImage+WebP.m"; sourceTree = "<group>"; };
		9E42B2C91A604D66006A74B8 /* UIImageView+HighlightedWebCache.h */ = {isa = PBXFileReference; fileEncoding = 4; lastKnownFileType = sourcecode.c.h; path = "UIImageView+HighlightedWebCache.h"; sourceTree = "<group>"; };
		9E42B2CA1A604D66006A74B8 /* UIImageView+HighlightedWebCache.m */ = {isa = PBXFileReference; fileEncoding = 4; lastKnownFileType = sourcecode.c.objc; path = "UIImageView+HighlightedWebCache.m"; sourceTree = "<group>"; };
		9E42B2CB1A604D66006A74B8 /* UIImageView+WebCache.h */ = {isa = PBXFileReference; fileEncoding = 4; lastKnownFileType = sourcecode.c.h; path = "UIImageView+WebCache.h"; sourceTree = "<group>"; };
		9E42B2CC1A604D66006A74B8 /* UIImageView+WebCache.m */ = {isa = PBXFileReference; fileEncoding = 4; lastKnownFileType = sourcecode.c.objc; path = "UIImageView+WebCache.m"; sourceTree = "<group>"; };
		9E42B2CD1A604D66006A74B8 /* UIView+WebCacheOperation.h */ = {isa = PBXFileReference; fileEncoding = 4; lastKnownFileType = sourcecode.c.h; path = "UIView+WebCacheOperation.h"; sourceTree = "<group>"; };
		9E42B2CE1A604D66006A74B8 /* UIView+WebCacheOperation.m */ = {isa = PBXFileReference; fileEncoding = 4; lastKnownFileType = sourcecode.c.objc; path = "UIView+WebCacheOperation.m"; sourceTree = "<group>"; };
		9E42B2DF1A60543D006A74B8 /* CoreImage.framework */ = {isa = PBXFileReference; lastKnownFileType = wrapper.framework; name = CoreImage.framework; path = System/Library/Frameworks/CoreImage.framework; sourceTree = SDKROOT; };
		9E42B2E01A60543D006A74B8 /* ImageIO.framework */ = {isa = PBXFileReference; lastKnownFileType = wrapper.framework; name = ImageIO.framework; path = System/Library/Frameworks/ImageIO.framework; sourceTree = SDKROOT; };
		9E42B2E31A605489006A74B8 /* MapKit.framework */ = {isa = PBXFileReference; lastKnownFileType = wrapper.framework; name = MapKit.framework; path = System/Library/Frameworks/MapKit.framework; sourceTree = SDKROOT; };
		9EB981CC1A82780100EAB283 /* index.jpg */ = {isa = PBXFileReference; lastKnownFileType = image.jpeg; path = index.jpg; sourceTree = "<group>"; };
		9EB981CE1A82781900EAB283 /* index1.jpg */ = {isa = PBXFileReference; lastKnownFileType = image.jpeg; path = index1.jpg; sourceTree = "<group>"; };
		9EB981CF1A82781900EAB283 /* index2.jpg */ = {isa = PBXFileReference; lastKnownFileType = image.jpeg; path = index2.jpg; sourceTree = "<group>"; };
		9EB981D01A82781900EAB283 /* index3.jpg */ = {isa = PBXFileReference; lastKnownFileType = image.jpeg; path = index3.jpg; sourceTree = "<group>"; };
		9EB981D11A82781900EAB283 /* index4.jpg */ = {isa = PBXFileReference; lastKnownFileType = image.jpeg; path = index4.jpg; sourceTree = "<group>"; };
		9EB981D21A82781900EAB283 /* index5.jpg */ = {isa = PBXFileReference; lastKnownFileType = image.jpeg; path = index5.jpg; sourceTree = "<group>"; };
		9EB981D91A827DB800EAB283 /* CustomCommentCell.h */ = {isa = PBXFileReference; fileEncoding = 4; lastKnownFileType = sourcecode.c.h; path = CustomCommentCell.h; sourceTree = "<group>"; };
		9EB981DA1A827DB800EAB283 /* CustomCommentCell.m */ = {isa = PBXFileReference; fileEncoding = 4; lastKnownFileType = sourcecode.c.objc; path = CustomCommentCell.m; sourceTree = "<group>"; };
		9EB981DB1A827DB800EAB283 /* CustomCommentCell.xib */ = {isa = PBXFileReference; fileEncoding = 4; lastKnownFileType = file.xib; path = CustomCommentCell.xib; sourceTree = "<group>"; };
		DDB9C14117E81BB600AC0901 /* tableJsonDemo.app */ = {isa = PBXFileReference; explicitFileType = wrapper.application; includeInIndex = 0; path = tableJsonDemo.app; sourceTree = BUILT_PRODUCTS_DIR; };
		DDB9C14417E81BB600AC0901 /* UIKit.framework */ = {isa = PBXFileReference; lastKnownFileType = wrapper.framework; name = UIKit.framework; path = System/Library/Frameworks/UIKit.framework; sourceTree = SDKROOT; };
		DDB9C14617E81BB600AC0901 /* Foundation.framework */ = {isa = PBXFileReference; lastKnownFileType = wrapper.framework; name = Foundation.framework; path = System/Library/Frameworks/Foundation.framework; sourceTree = SDKROOT; };
		DDB9C14817E81BB600AC0901 /* CoreGraphics.framework */ = {isa = PBXFileReference; lastKnownFileType = wrapper.framework; name = CoreGraphics.framework; path = System/Library/Frameworks/CoreGraphics.framework; sourceTree = SDKROOT; };
		DDB9C14C17E81BB600AC0901 /* tableJsonDemo-Info.plist */ = {isa = PBXFileReference; lastKnownFileType = text.plist.xml; path = "tableJsonDemo-Info.plist"; sourceTree = "<group>"; };
		DDB9C14E17E81BB600AC0901 /* en */ = {isa = PBXFileReference; lastKnownFileType = text.plist.strings; name = en; path = en.lproj/InfoPlist.strings; sourceTree = "<group>"; };
		DDB9C15017E81BB600AC0901 /* main.m */ = {isa = PBXFileReference; lastKnownFileType = sourcecode.c.objc; path = main.m; sourceTree = "<group>"; };
		DDB9C15217E81BB600AC0901 /* tableJsonDemo-Prefix.pch */ = {isa = PBXFileReference; lastKnownFileType = sourcecode.c.h; path = "tableJsonDemo-Prefix.pch"; sourceTree = "<group>"; };
		DDB9C15317E81BB600AC0901 /* AppDelegate.h */ = {isa = PBXFileReference; lastKnownFileType = sourcecode.c.h; path = AppDelegate.h; sourceTree = "<group>"; };
		DDB9C15417E81BB600AC0901 /* AppDelegate.m */ = {isa = PBXFileReference; lastKnownFileType = sourcecode.c.objc; path = AppDelegate.m; sourceTree = "<group>"; };
		DDB9C15617E81BB600AC0901 /* Default.png */ = {isa = PBXFileReference; lastKnownFileType = image.png; path = Default.png; sourceTree = "<group>"; };
		DDB9C15817E81BB600AC0901 /* Default@2x.png */ = {isa = PBXFileReference; lastKnownFileType = image.png; path = "Default@2x.png"; sourceTree = "<group>"; };
		DDB9C15A17E81BB600AC0901 /* Default-568h@2x.png */ = {isa = PBXFileReference; lastKnownFileType = image.png; path = "Default-568h@2x.png"; sourceTree = "<group>"; };
		DDB9C15D17E81BB600AC0901 /* en */ = {isa = PBXFileReference; lastKnownFileType = file.storyboard; name = en; path = en.lproj/MainStoryboard.storyboard; sourceTree = "<group>"; };
		DDB9C15F17E81BB600AC0901 /* ViewController.h */ = {isa = PBXFileReference; lastKnownFileType = sourcecode.c.h; path = ViewController.h; sourceTree = "<group>"; };
		DDB9C16017E81BB600AC0901 /* ViewController.m */ = {isa = PBXFileReference; lastKnownFileType = sourcecode.c.objc; path = ViewController.m; sourceTree = "<group>"; };
		DDB9C16817E81D6D00AC0901 /* ItemCell.h */ = {isa = PBXFileReference; fileEncoding = 4; lastKnownFileType = sourcecode.c.h; path = ItemCell.h; sourceTree = "<group>"; };
		DDB9C16917E81D6D00AC0901 /* ItemCell.m */ = {isa = PBXFileReference; fileEncoding = 4; lastKnownFileType = sourcecode.c.objc; path = ItemCell.m; sourceTree = "<group>"; };
		DDB9C16B17E81D8800AC0901 /* ItemCell.xib */ = {isa = PBXFileReference; fileEncoding = 4; lastKnownFileType = file.xib; path = ItemCell.xib; sourceTree = "<group>"; };
		DDB9C16D17E8225200AC0901 /* SystemConfiguration.framework */ = {isa = PBXFileReference; lastKnownFileType = wrapper.framework; name = SystemConfiguration.framework; path = System/Library/Frameworks/SystemConfiguration.framework; sourceTree = SDKROOT; };
		DDB9C16F17E8225C00AC0901 /* QuartzCore.framework */ = {isa = PBXFileReference; lastKnownFileType = wrapper.framework; name = QuartzCore.framework; path = System/Library/Frameworks/QuartzCore.framework; sourceTree = SDKROOT; };
		DDB9C17117E826CD00AC0901 /* DetailViewController.h */ = {isa = PBXFileReference; fileEncoding = 4; lastKnownFileType = sourcecode.c.h; path = DetailViewController.h; sourceTree = "<group>"; };
		DDB9C17217E826CD00AC0901 /* DetailViewController.m */ = {isa = PBXFileReference; fileEncoding = 4; lastKnownFileType = sourcecode.c.objc; path = DetailViewController.m; sourceTree = "<group>"; };
/* End PBXFileReference section */

/* Begin PBXFrameworksBuildPhase section */
		DDB9C13E17E81BB600AC0901 /* Frameworks */ = {
			isa = PBXFrameworksBuildPhase;
			buildActionMask = 2147483647;
			files = (
				9E42B2E41A605489006A74B8 /* MapKit.framework in Frameworks */,
				9E42B2E11A60543D006A74B8 /* CoreImage.framework in Frameworks */,
				9E42B2E21A60543D006A74B8 /* ImageIO.framework in Frameworks */,
				DDB9C17017E8225C00AC0901 /* QuartzCore.framework in Frameworks */,
				DDB9C16E17E8225200AC0901 /* SystemConfiguration.framework in Frameworks */,
				DDB9C14517E81BB600AC0901 /* UIKit.framework in Frameworks */,
				DDB9C14717E81BB600AC0901 /* Foundation.framework in Frameworks */,
				DDB9C14917E81BB600AC0901 /* CoreGraphics.framework in Frameworks */,
			);
			runOnlyForDeploymentPostprocessing = 0;
		};
/* End PBXFrameworksBuildPhase section */

/* Begin PBXGroup section */
		9E42B2AD1A604CC4006A74B8 /* SDWebImage */ = {
			isa = PBXGroup;
			children = (
				9E42B2AE1A604D66006A74B8 /* MKAnnotationView+WebCache.h */,
				9E42B2AF1A604D66006A74B8 /* MKAnnotationView+WebCache.m */,
				9E42B2B01A604D66006A74B8 /* NSData+ImageContentType.h */,
				9E42B2B11A604D66006A74B8 /* NSData+ImageContentType.m */,
				9E42B2B21A604D66006A74B8 /* SDImageCache.h */,
				9E42B2B31A604D66006A74B8 /* SDImageCache.m */,
				9E42B2B41A604D66006A74B8 /* SDWebImageCompat.h */,
				9E42B2B51A604D66006A74B8 /* SDWebImageCompat.m */,
				9E42B2B61A604D66006A74B8 /* SDWebImageDecoder.h */,
				9E42B2B71A604D66006A74B8 /* SDWebImageDecoder.m */,
				9E42B2B81A604D66006A74B8 /* SDWebImageDownloader.h */,
				9E42B2B91A604D66006A74B8 /* SDWebImageDownloader.m */,
				9E42B2BA1A604D66006A74B8 /* SDWebImageDownloaderOperation.h */,
				9E42B2BB1A604D66006A74B8 /* SDWebImageDownloaderOperation.m */,
				9E42B2BC1A604D66006A74B8 /* SDWebImageManager.h */,
				9E42B2BD1A604D66006A74B8 /* SDWebImageManager.m */,
				9E42B2BE1A604D66006A74B8 /* SDWebImageOperation.h */,
				9E42B2BF1A604D66006A74B8 /* SDWebImagePrefetcher.h */,
				9E42B2C01A604D66006A74B8 /* SDWebImagePrefetcher.m */,
				9E42B2C11A604D66006A74B8 /* UIButton+WebCache.h */,
				9E42B2C21A604D66006A74B8 /* UIButton+WebCache.m */,
				9E42B2C31A604D66006A74B8 /* UIImage+GIF.h */,
				9E42B2C41A604D66006A74B8 /* UIImage+GIF.m */,
				9E42B2C51A604D66006A74B8 /* UIImage+MultiFormat.h */,
				9E42B2C61A604D66006A74B8 /* UIImage+MultiFormat.m */,
				9E42B2C71A604D66006A74B8 /* UIImage+WebP.h */,
				9E42B2C81A604D66006A74B8 /* UIImage+WebP.m */,
				9E42B2C91A604D66006A74B8 /* UIImageView+HighlightedWebCache.h */,
				9E42B2CA1A604D66006A74B8 /* UIImageView+HighlightedWebCache.m */,
				9E42B2CB1A604D66006A74B8 /* UIImageView+WebCache.h */,
				9E42B2CC1A604D66006A74B8 /* UIImageView+WebCache.m */,
				9E42B2CD1A604D66006A74B8 /* UIView+WebCacheOperation.h */,
				9E42B2CE1A604D66006A74B8 /* UIView+WebCacheOperation.m */,
			);
			name = SDWebImage;
			sourceTree = "<group>";
		};
		9EB981CB1A8277E100EAB283 /* Images */ = {
			isa = PBXGroup;
			children = (
				9EB981CE1A82781900EAB283 /* index1.jpg */,
				9EB981CF1A82781900EAB283 /* index2.jpg */,
				9EB981D01A82781900EAB283 /* index3.jpg */,
				9EB981D11A82781900EAB283 /* index4.jpg */,
				9EB981D21A82781900EAB283 /* index5.jpg */,
				9EB981CC1A82780100EAB283 /* index.jpg */,
			);
			name = Images;
			sourceTree = "<group>";
		};
		9EB981D81A827D8500EAB283 /* CustomCell */ = {
			isa = PBXGroup;
			children = (
				9EB981D91A827DB800EAB283 /* CustomCommentCell.h */,
				9EB981DA1A827DB800EAB283 /* CustomCommentCell.m */,
				9EB981DB1A827DB800EAB283 /* CustomCommentCell.xib */,
			);
			name = CustomCell;
			sourceTree = "<group>";
		};
		DDB9C13817E81BB500AC0901 = {
			isa = PBXGroup;
			children = (
				DDB9C14A17E81BB600AC0901 /* tableJsonDemo */,
				DDB9C14317E81BB600AC0901 /* Frameworks */,
				DDB9C14217E81BB600AC0901 /* Products */,
			);
			sourceTree = "<group>";
		};
		DDB9C14217E81BB600AC0901 /* Products */ = {
			isa = PBXGroup;
			children = (
				DDB9C14117E81BB600AC0901 /* tableJsonDemo.app */,
			);
			name = Products;
			sourceTree = "<group>";
		};
		DDB9C14317E81BB600AC0901 /* Frameworks */ = {
			isa = PBXGroup;
			children = (
				9E42B2E31A605489006A74B8 /* MapKit.framework */,
				9E42B2DF1A60543D006A74B8 /* CoreImage.framework */,
				9E42B2E01A60543D006A74B8 /* ImageIO.framework */,
				DDB9C16F17E8225C00AC0901 /* QuartzCore.framework */,
				DDB9C16D17E8225200AC0901 /* SystemConfiguration.framework */,
				DDB9C14417E81BB600AC0901 /* UIKit.framework */,
				DDB9C14617E81BB600AC0901 /* Foundation.framework */,
				DDB9C14817E81BB600AC0901 /* CoreGraphics.framework */,
			);
			name = Frameworks;
			sourceTree = "<group>";
		};
		DDB9C14A17E81BB600AC0901 /* tableJsonDemo */ = {
			isa = PBXGroup;
			children = (
				9EB981D81A827D8500EAB283 /* CustomCell */,
				9EB981CB1A8277E100EAB283 /* Images */,
				9E42B2AD1A604CC4006A74B8 /* SDWebImage */,
				DDB9C16717E81D3800AC0901 /* TableViewCell */,
				DDB9C15317E81BB600AC0901 /* AppDelegate.h */,
				DDB9C15417E81BB600AC0901 /* AppDelegate.m */,
				DDB9C15C17E81BB600AC0901 /* MainStoryboard.storyboard */,
				DDB9C15F17E81BB600AC0901 /* ViewController.h */,
				DDB9C16017E81BB600AC0901 /* ViewController.m */,
				DDB9C17117E826CD00AC0901 /* DetailViewController.h */,
				DDB9C17217E826CD00AC0901 /* DetailViewController.m */,
				DDB9C14B17E81BB600AC0901 /* Supporting Files */,
			);
			path = tableJsonDemo;
			sourceTree = "<group>";
		};
		DDB9C14B17E81BB600AC0901 /* Supporting Files */ = {
			isa = PBXGroup;
			children = (
				DDB9C14C17E81BB600AC0901 /* tableJsonDemo-Info.plist */,
				DDB9C14D17E81BB600AC0901 /* InfoPlist.strings */,
				DDB9C15017E81BB600AC0901 /* main.m */,
				DDB9C15217E81BB600AC0901 /* tableJsonDemo-Prefix.pch */,
				DDB9C15617E81BB600AC0901 /* Default.png */,
				DDB9C15817E81BB600AC0901 /* Default@2x.png */,
				DDB9C15A17E81BB600AC0901 /* Default-568h@2x.png */,
			);
			name = "Supporting Files";
			sourceTree = "<group>";
		};
		DDB9C16717E81D3800AC0901 /* TableViewCell */ = {
			isa = PBXGroup;
			children = (
				DDB9C16817E81D6D00AC0901 /* ItemCell.h */,
				DDB9C16917E81D6D00AC0901 /* ItemCell.m */,
				DDB9C16B17E81D8800AC0901 /* ItemCell.xib */,
			);
			name = TableViewCell;
			sourceTree = "<group>";
		};
/* End PBXGroup section */

/* Begin PBXNativeTarget section */
		DDB9C14017E81BB600AC0901 /* tableJsonDemo */ = {
			isa = PBXNativeTarget;
			buildConfigurationList = DDB9C16417E81BB600AC0901 /* Build configuration list for PBXNativeTarget "tableJsonDemo" */;
			buildPhases = (
				DDB9C13D17E81BB600AC0901 /* Sources */,
				DDB9C13E17E81BB600AC0901 /* Frameworks */,
				DDB9C13F17E81BB600AC0901 /* Resources */,
			);
			buildRules = (
			);
			dependencies = (
			);
			name = tableJsonDemo;
			productName = tableJsonDemo;
			productReference = DDB9C14117E81BB600AC0901 /* tableJsonDemo.app */;
			productType = "com.apple.product-type.application";
		};
/* End PBXNativeTarget section */

/* Begin PBXProject section */
		DDB9C13917E81BB500AC0901 /* Project object */ = {
			isa = PBXProject;
			attributes = {
				LastUpgradeCheck = 0460;
				ORGANIZATIONNAME = Origin;
			};
			buildConfigurationList = DDB9C13C17E81BB500AC0901 /* Build configuration list for PBXProject "tableJsonDemo" */;
			compatibilityVersion = "Xcode 3.2";
			developmentRegion = English;
			hasScannedForEncodings = 0;
			knownRegions = (
				en,
			);
			mainGroup = DDB9C13817E81BB500AC0901;
			productRefGroup = DDB9C14217E81BB600AC0901 /* Products */;
			projectDirPath = "";
			projectRoot = "";
			targets = (
				DDB9C14017E81BB600AC0901 /* tableJsonDemo */,
			);
		};
/* End PBXProject section */

/* Begin PBXResourcesBuildPhase section */
		DDB9C13F17E81BB600AC0901 /* Resources */ = {
			isa = PBXResourcesBuildPhase;
			buildActionMask = 2147483647;
			files = (
				9EB981D51A82781900EAB283 /* index3.jpg in Resources */,
				DDB9C14F17E81BB600AC0901 /* InfoPlist.strings in Resources */,
				DDB9C15717E81BB600AC0901 /* Default.png in Resources */,
				9EB981D31A82781900EAB283 /* index1.jpg in Resources */,
				DDB9C15917E81BB600AC0901 /* Default@2x.png in Resources */,
				DDB9C15B17E81BB600AC0901 /* Default-568h@2x.png in Resources */,
				DDB9C15E17E81BB600AC0901 /* MainStoryboard.storyboard in Resources */,
				9EB981D61A82781900EAB283 /* index4.jpg in Resources */,
				DDB9C16C17E81D8800AC0901 /* ItemCell.xib in Resources */,
				9EB981D41A82781900EAB283 /* index2.jpg in Resources */,
				9EB981D71A82781900EAB283 /* index5.jpg in Resources */,
				9EB981CD1A82780100EAB283 /* index.jpg in Resources */,
				9EB981DD1A827DB800EAB283 /* CustomCommentCell.xib in Resources */,
			);
			runOnlyForDeploymentPostprocessing = 0;
		};
/* End PBXResourcesBuildPhase section */

/* Begin PBXSourcesBuildPhase section */
		DDB9C13D17E81BB600AC0901 /* Sources */ = {
			isa = PBXSourcesBuildPhase;
			buildActionMask = 2147483647;
			files = (
				DDB9C15117E81BB600AC0901 /* main.m in Sources */,
				9E42B2DC1A604D66006A74B8 /* UIImageView+HighlightedWebCache.m in Sources */,
				9E42B2DD1A604D66006A74B8 /* UIImageView+WebCache.m in Sources */,
				9E42B2DB1A604D66006A74B8 /* UIImage+WebP.m in Sources */,
				9E42B2D71A604D66006A74B8 /* SDWebImagePrefetcher.m in Sources */,
				DDB9C15517E81BB600AC0901 /* AppDelegate.m in Sources */,
				9EB981DC1A827DB800EAB283 /* CustomCommentCell.m in Sources */,
				9E42B2D31A604D66006A74B8 /* SDWebImageDecoder.m in Sources */,
				9E42B2D41A604D66006A74B8 /* SDWebImageDownloader.m in Sources */,
				DDB9C16117E81BB600AC0901 /* ViewController.m in Sources */,
				9E42B2D61A604D66006A74B8 /* SDWebImageManager.m in Sources */,
				9E42B2DE1A604D66006A74B8 /* UIView+WebCacheOperation.m in Sources */,
				9E42B2D81A604D66006A74B8 /* UIButton+WebCache.m in Sources */,
				9E42B2DA1A604D66006A74B8 /* UIImage+MultiFormat.m in Sources */,
				DDB9C16A17E81D6D00AC0901 /* ItemCell.m in Sources */,
				9E42B2D51A604D66006A74B8 /* SDWebImageDownloaderOperation.m in Sources */,
				9E42B2D91A604D66006A74B8 /* UIImage+GIF.m in Sources */,
				9E42B2D21A604D66006A74B8 /* SDWebImageCompat.m in Sources */,
				9E42B2D01A604D66006A74B8 /* NSData+ImageContentType.m in Sources */,
				DDB9C17317E826CD00AC0901 /* DetailViewController.m in Sources */,
				9E42B2CF1A604D66006A74B8 /* MKAnnotationView+WebCache.m in Sources */,
				9E42B2D11A604D66006A74B8 /* SDImageCache.m in Sources */,
			);
			runOnlyForDeploymentPostprocessing = 0;
		};
/* End PBXSourcesBuildPhase section */

/* Begin PBXVariantGroup section */
		DDB9C14D17E81BB600AC0901 /* InfoPlist.strings */ = {
			isa = PBXVariantGroup;
			children = (
				DDB9C14E17E81BB600AC0901 /* en */,
			);
			name = InfoPlist.strings;
			sourceTree = "<group>";
		};
		DDB9C15C17E81BB600AC0901 /* MainStoryboard.storyboard */ = {
			isa = PBXVariantGroup;
			children = (
				DDB9C15D17E81BB600AC0901 /* en */,
			);
			name = MainStoryboard.storyboard;
			sourceTree = "<group>";
		};
/* End PBXVariantGroup section */

/* Begin XCBuildConfiguration section */
		DDB9C16217E81BB600AC0901 /* Debug */ = {
			isa = XCBuildConfiguration;
			buildSettings = {
				ALWAYS_SEARCH_USER_PATHS = NO;
				CLANG_CXX_LANGUAGE_STANDARD = "gnu++0x";
				CLANG_CXX_LIBRARY = "libc++";
				CLANG_ENABLE_OBJC_ARC = YES;
				CLANG_WARN_CONSTANT_CONVERSION = YES;
				CLANG_WARN_EMPTY_BODY = YES;
				CLANG_WARN_ENUM_CONVERSION = YES;
				CLANG_WARN_INT_CONVERSION = YES;
				CLANG_WARN__DUPLICATE_METHOD_MATCH = YES;
				"CODE_SIGN_IDENTITY[sdk=iphoneos*]" = "iPhone Developer";
				COPY_PHASE_STRIP = NO;
				GCC_C_LANGUAGE_STANDARD = gnu99;
				GCC_DYNAMIC_NO_PIC = NO;
				GCC_OPTIMIZATION_LEVEL = 0;
				GCC_PREPROCESSOR_DEFINITIONS = (
					"DEBUG=1",
					"$(inherited)",
				);
				GCC_SYMBOLS_PRIVATE_EXTERN = NO;
				GCC_WARN_ABOUT_RETURN_TYPE = YES;
				GCC_WARN_UNINITIALIZED_AUTOS = YES;
				GCC_WARN_UNUSED_VARIABLE = YES;
				IPHONEOS_DEPLOYMENT_TARGET = 6.1;
				ONLY_ACTIVE_ARCH = YES;
				SDKROOT = iphoneos;
			};
			name = Debug;
		};
		DDB9C16317E81BB600AC0901 /* Release */ = {
			isa = XCBuildConfiguration;
			buildSettings = {
				ALWAYS_SEARCH_USER_PATHS = NO;
				CLANG_CXX_LANGUAGE_STANDARD = "gnu++0x";
				CLANG_CXX_LIBRARY = "libc++";
				CLANG_ENABLE_OBJC_ARC = YES;
				CLANG_WARN_CONSTANT_CONVERSION = YES;
				CLANG_WARN_EMPTY_BODY = YES;
				CLANG_WARN_ENUM_CONVERSION = YES;
				CLANG_WARN_INT_CONVERSION = YES;
				CLANG_WARN__DUPLICATE_METHOD_MATCH = YES;
				"CODE_SIGN_IDENTITY[sdk=iphoneos*]" = "iPhone Developer";
				COPY_PHASE_STRIP = YES;
				GCC_C_LANGUAGE_STANDARD = gnu99;
				GCC_WARN_ABOUT_RETURN_TYPE = YES;
				GCC_WARN_UNINITIALIZED_AUTOS = YES;
				GCC_WARN_UNUSED_VARIABLE = YES;
				IPHONEOS_DEPLOYMENT_TARGET = 6.1;
				OTHER_CFLAGS = "-DNS_BLOCK_ASSERTIONS=1";
				SDKROOT = iphoneos;
				VALIDATE_PRODUCT = YES;
			};
			name = Release;
		};
		DDB9C16517E81BB600AC0901 /* Debug */ = {
			isa = XCBuildConfiguration;
			buildSettings = {
				GCC_PRECOMPILE_PREFIX_HEADER = YES;
				GCC_PREFIX_HEADER = "tableJsonDemo/tableJsonDemo-Prefix.pch";
				INFOPLIST_FILE = "tableJsonDemo/tableJsonDemo-Info.plist";
				PRODUCT_NAME = "$(TARGET_NAME)";
				WRAPPER_EXTENSION = app;
			};
			name = Debug;
		};
		DDB9C16617E81BB600AC0901 /* Release */ = {
			isa = XCBuildConfiguration;
			buildSettings = {
				GCC_PRECOMPILE_PREFIX_HEADER = YES;
				GCC_PREFIX_HEADER = "tableJsonDemo/tableJsonDemo-Prefix.pch";
				INFOPLIST_FILE = "tableJsonDemo/tableJsonDemo-Info.plist";
				PRODUCT_NAME = "$(TARGET_NAME)";
				WRAPPER_EXTENSION = app;
			};
			name = Release;
		};
/* End XCBuildConfiguration section */

/* Begin XCConfigurationList section */
		DDB9C13C17E81BB500AC0901 /* Build configuration list for PBXProject "tableJsonDemo" */ = {
			isa = XCConfigurationList;
			buildConfigurations = (
				DDB9C16217E81BB600AC0901 /* Debug */,
				DDB9C16317E81BB600AC0901 /* Release */,
			);
			defaultConfigurationIsVisible = 0;
			defaultConfigurationName = Release;
		};
		DDB9C16417E81BB600AC0901 /* Build configuration list for PBXNativeTarget "tableJsonDemo" */ = {
			isa = XCConfigurationList;
			buildConfigurations = (
				DDB9C16517E81BB600AC0901 /* Debug */,
				DDB9C16617E81BB600AC0901 /* Release */,
			);
			defaultConfigurationIsVisible = 0;
			defaultConfigurationName = Release;
		};
/* End XCConfigurationList section */
	};
	rootObject = DDB9C13917E81BB500AC0901 /* Project object */;
}
